// !$*UTF8*$!
{
	archiveVersion = 1;
	classes = {
	};
	objectVersion = 46;
	objects = {

/* Begin PBXBuildFile section */
		84B02F851CFD335500D94630 /* AppDelegate.swift in Sources */ = {isa = PBXBuildFile; fileRef = 84B02F841CFD335500D94630 /* AppDelegate.swift */; };
		84B02F871CFD335500D94630 /* ViewController.swift in Sources */ = {isa = PBXBuildFile; fileRef = 84B02F861CFD335500D94630 /* ViewController.swift */; };
		84B02F8A1CFD335500D94630 /* Main.storyboard in Resources */ = {isa = PBXBuildFile; fileRef = 84B02F881CFD335500D94630 /* Main.storyboard */; };
		84B02F8C1CFD335500D94630 /* Assets.xcassets in Resources */ = {isa = PBXBuildFile; fileRef = 84B02F8B1CFD335500D94630 /* Assets.xcassets */; };
		84B02F8F1CFD335500D94630 /* LaunchScreen.storyboard in Resources */ = {isa = PBXBuildFile; fileRef = 84B02F8D1CFD335500D94630 /* LaunchScreen.storyboard */; };
/* End PBXBuildFile section */

/* Begin PBXFileReference section */
		84B02F811CFD335500D94630 /* UISlider1.app */ = {isa = PBXFileReference; explicitFileType = wrapper.application; includeInIndex = 0; path = UISlider1.app; sourceTree = BUILT_PRODUCTS_DIR; };
		84B02F841CFD335500D94630 /* AppDelegate.swift */ = {isa = PBXFileReference; lastKnownFileType = sourcecode.swift; path = AppDelegate.swift; sourceTree = "<group>"; };
		84B02F861CFD335500D94630 /* ViewController.swift */ = {isa = PBXFileReference; lastKnownFileType = sourcecode.swift; path = ViewController.swift; sourceTree = "<group>"; };
		84B02F891CFD335500D94630 /* Base */ = {isa = PBXFileReference; lastKnownFileType = file.storyboard; name = Base; path = Base.lproj/Main.storyboard; sourceTree = "<group>"; };
		84B02F8B1CFD335500D94630 /* Assets.xcassets */ = {isa = PBXFileReference; lastKnownFileType = folder.assetcatalog; path = Assets.xcassets; sourceTree = "<group>"; };
		84B02F8E1CFD335500D94630 /* Base */ = {isa = PBXFileReference; lastKnownFileType = file.storyboard; name = Base; path = Base.lproj/LaunchScreen.storyboard; sourceTree = "<group>"; };
		84B02F901CFD335500D94630 /* Info.plist */ = {isa = PBXFileReference; lastKnownFileType = text.plist.xml; path = Info.plist; sourceTree = "<group>"; };
/* End PBXFileReference section */

/* Begin PBXFrameworksBuildPhase section */
		84B02F7E1CFD335500D94630 /* Frameworks */ = {
			isa = PBXFrameworksBuildPhase;
			buildActionMask = 2147483647;
			files = (
			);
			runOnlyForDeploymentPostprocessing = 0;
		};
/* End PBXFrameworksBuildPhase section */

/* Begin PBXGroup section */
		84B02F781CFD335500D94630 = {
			isa = PBXGroup;
			children = (
				84B02F831CFD335500D94630 /* UISlider1 */,
				84B02F821CFD335500D94630 /* Products */,
			);
			sourceTree = "<group>";
		};
		84B02F821CFD335500D94630 /* Products */ = {
			isa = PBXGroup;
			children = (
				84B02F811CFD335500D94630 /* UISlider1.app */,
			);
			name = Products;
			sourceTree = "<group>";
		};
		84B02F831CFD335500D94630 /* UISlider1 */ = {
			isa = PBXGroup;
			children = (
				84B02F841CFD335500D94630 /* AppDelegate.swift */,
				84B02F861CFD335500D94630 /* ViewController.swift */,
				84B02F881CFD335500D94630 /* Main.storyboard */,
				84B02F8B1CFD335500D94630 /* Assets.xcassets */,
				84B02F8D1CFD335500D94630 /* LaunchScreen.storyboard */,
				84B02F901CFD335500D94630 /* Info.plist */,
			);
			path = UISlider1;
			sourceTree = "<group>";
		};
/* End PBXGroup section */

/* Begin PBXNativeTarget section */
		84B02F801CFD335500D94630 /* UISlider1 */ = {
			isa = PBXNativeTarget;
			buildConfigurationList = 84B02F931CFD335500D94630 /* Build configuration list for PBXNativeTarget "UISlider1" */;
			buildPhases = (
				84B02F7D1CFD335500D94630 /* Sources */,
				84B02F7E1CFD335500D94630 /* Frameworks */,
				84B02F7F1CFD335500D94630 /* Resources */,
			);
			buildRules = (
			);
			dependencies = (
			);
			name = UISlider1;
			productName = UISlider1;
			productReference = 84B02F811CFD335500D94630 /* UISlider1.app */;
			productType = "com.apple.product-type.application";
		};
/* End PBXNativeTarget section */

/* Begin PBXProject section */
		84B02F791CFD335500D94630 /* Project object */ = {
			isa = PBXProject;
			attributes = {
				LastSwiftUpdateCheck = 0730;
				LastUpgradeCheck = 0730;
				ORGANIZATIONNAME = MrNgoc;
				TargetAttributes = {
					84B02F801CFD335500D94630 = {
						CreatedOnToolsVersion = 7.3.1;
					};
				};
			};
			buildConfigurationList = 84B02F7C1CFD335500D94630 /* Build configuration list for PBXProject "UISlider1" */;
			compatibilityVersion = "Xcode 3.2";
			developmentRegion = English;
			hasScannedForEncodings = 0;
			knownRegions = (
				en,
				Base,
			);
			mainGroup = 84B02F781CFD335500D94630;
			productRefGroup = 84B02F821CFD335500D94630 /* Products */;
			projectDirPath = "";
			projectRoot = "";
			targets = (
				84B02F801CFD335500D94630 /* UISlider1 */,
			);
		};
/* End PBXProject section */

/* Begin PBXResourcesBuildPhase section */
		84B02F7F1CFD335500D94630 /* Resources */ = {
			isa = PBXResourcesBuildPhase;
			buildActionMask = 2147483647;
			files = (
				84B02F8F1CFD335500D94630 /* LaunchScreen.storyboard in Resources */,
				84B02F8C1CFD335500D94630 /* Assets.xcassets in Resources */,
				84B02F8A1CFD335500D94630 /* Main.storyboard in Resources */,
			);
			runOnlyForDeploymentPostprocessing = 0;
		};
/* End PBXResourcesBuildPhase section */

/* Begin PBXSourcesBuildPhase section */
		84B02F7D1CFD335500D94630 /* Sources */ = {
			isa = PBXSourcesBuildPhase;
			buildActionMask = 2147483647;
			files = (
				84B02F871CFD335500D94630 /* ViewController.swift in Sources */,
				84B02F851CFD335500D94630 /* AppDelegate.swift in Sources */,
			);
			runOnlyForDeploymentPostprocessing = 0;
		};
/* End PBXSourcesBuildPhase section */

/* Begin PBXVariantGroup section */
		84B02F881CFD335500D94630 /* Main.storyboard */ = {
			isa = PBXVariantGroup;
			children = (
				84B02F891CFD335500D94630 /* Base */,
			);
			name = Main.storyboard;
			sourceTree = "<group>";
		};
		84B02F8D1CFD335500D94630 /* LaunchScreen.storyboard */ = {
			isa = PBXVariantGroup;
			children = (
				84B02F8E1CFD335500D94630 /* Base */,
			);
			name = LaunchScreen.storyboard;
			sourceTree = "<group>";
		};
/* End PBXVariantGroup section */

/* Begin XCBuildConfiguration section */
		84B02F911CFD335500D94630 /* Debug */ = {
			isa = XCBuildConfiguration;
			buildSettings = {
				ALWAYS_SEARCH_USER_PATHS = NO;
				CLANG_ANALYZER_NONNULL = YES;
				CLANG_CXX_LANGUAGE_STANDARD = "gnu++0x";
				CLANG_CXX_LIBRARY = "libc++";
				CLANG_ENABLE_MODULES = YES;
				CLANG_ENABLE_OBJC_ARC = YES;
				CLANG_WARN_BOOL_CONVERSION = YES;
				CLANG_WARN_CONSTANT_CONVERSION = YES;
				CLANG_WARN_DIRECT_OBJC_ISA_USAGE = YES_ERROR;
				CLANG_WARN_EMPTY_BODY = YES;
				CLANG_WARN_ENUM_CONVERSION = YES;
				CLANG_WARN_INT_CONVERSION = YES;
				CLANG_WARN_OBJC_ROOT_CLASS = YES_ERROR;
				CLANG_WARN_UNREACHABLE_CODE = YES;
				CLANG_WARN__DUPLICATE_METHOD_MATCH = YES;
				"CODE_SIGN_IDENTITY[sdk=iphoneos*]" = "iPhone Developer";
				COPY_PHASE_STRIP = NO;
				DEBUG_INFORMATION_FORMAT = dwarf;
				ENABLE_STRICT_OBJC_MSGSEND = YES;
				ENABLE_TESTABILITY = YES;
				GCC_C_LANGUAGE_STANDARD = gnu99;
				GCC_DYNAMIC_NO_PIC = NO;
				GCC_NO_COMMON_BLOCKS = YES;
				GCC_OPTIMIZATION_LEVEL = 0;
				GCC_PREPROCESSOR_DEFINITIONS = (
					"DEBUG=1",
					"$(inherited)",
				);
				GCC_WARN_64_TO_32_BIT_CONVERSION = YES;
				GCC_WARN_ABOUT_RETURN_TYPE = YES_ERROR;
				GCC_WARN_UNDECLARED_SELECTOR = YES;
				GCC_WARN_UNINITIALIZED_AUTOS = YES_AGGRESSIVE;
				GCC_WARN_UNUSED_FUNCTION = YES;
				GCC_WARN_UNUSED_VARIABLE = YES;
				IPHONEOS_DEPLOYMENT_TARGET = 9.3;
				MTL_ENABLE_DEBUG_INFO = YES;
				ONLY_ACTIVE_ARCH = YES;
				SDKROOT = iphoneos;
				SWIFT_OPTIMIZATION_LEVEL = "-Onone";
				TARGETED_DEVICE_FAMILY = "1,2";
			};
			name = Debug;
		};
		84B02F921CFD335500D94630 /* Release */ = {
			isa = XCBuildConfiguration;
			buildSettings = {
				ALWAYS_SEARCH_USER_PATHS = NO;
				CLANG_ANALYZER_NONNULL = YES;
				CLANG_CXX_LANGUAGE_STANDARD = "gnu++0x";
				CLANG_CXX_LIBRARY = "libc++";
				CLANG_ENABLE_MODULES = YES;
				CLANG_ENABLE_OBJC_ARC = YES;
				CLANG_WARN_BOOL_CONVERSION = YES;
				CLANG_WARN_CONSTANT_CONVERSION = YES;
				CLANG_WARN_DIRECT_OBJC_ISA_USAGE = YES_ERROR;
				CLANG_WARN_EMPTY_BODY = YES;
				CLANG_WARN_ENUM_CONVERSION = YES;
				CLANG_WARN_INT_CONVERSION = YES;
				CLANG_WARN_OBJC_ROOT_CLASS = YES_ERROR;
				CLANG_WARN_UNREACHABLE_CODE = YES;
				CLANG_WARN__DUPLICATE_METHOD_MATCH = YES;
				"CODE_SIGN_IDENTITY[sdk=iphoneos*]" = "iPhone Developer";
				COPY_PHASE_STRIP = NO;
				DEBUG_INFORMATION_FORMAT = "dwarf-with-dsym";
				ENABLE_NS_ASSERTIONS = NO;
				ENABLE_STRICT_OBJC_MSGSEND = YES;
				GCC_C_LANGUAGE_STANDARD = gnu99;
				GCC_NO_COMMON_BLOCKS = YES;
				GCC_WARN_64_TO_32_BIT_CONVERSION = YES;
				GCC_WARN_ABOUT_RETURN_TYPE = YES_ERROR;
				GCC_WARN_UNDECLARED_SELECTOR = YES;
				GCC_WARN_UNINITIALIZED_AUTOS = YES_AGGRESSIVE;
				GCC_WARN_UNUSED_FUNCTION = YES;
				GCC_WARN_UNUSED_VARIABLE = YES;
				IPHONEOS_DEPLOYMENT_TARGET = 9.3;
				MTL_ENABLE_DEBUG_INFO = NO;
				SDKROOT = iphoneos;
				TARGETED_DEVICE_FAMILY = "1,2";
				VALIDATE_PRODUCT = YES;
			};
			name = Release;
		};
		84B02F941CFD335500D94630 /* Debug */ = {
			isa = XCBuildConfiguration;
			buildSettings = {
				ASSETCATALOG_COMPILER_APPICON_NAME = AppIcon;
				INFOPLIST_FILE = UISlider1/Info.plist;
				LD_RUNPATH_SEARCH_PATHS = "$(inherited) @executable_path/Frameworks";
				PRODUCT_BUNDLE_IDENTIFIER = vn.teachmaster.UISlider1;
				PRODUCT_NAME = "$(TARGET_NAME)";
			};
			name = Debug;
		};
		84B02F951CFD335500D94630 /* Release */ = {
			isa = XCBuildConfiguration;
			buildSettings = {
				ASSETCATALOG_COMPILER_APPICON_NAME = AppIcon;
				INFOPLIST_FILE = UISlider1/Info.plist;
				LD_RUNPATH_SEARCH_PATHS = "$(inherited) @executable_path/Frameworks";
				PRODUCT_BUNDLE_IDENTIFIER = vn.teachmaster.UISlider1;
				PRODUCT_NAME = "$(TARGET_NAME)";
			};
			name = Release;
		};
/* End XCBuildConfiguration section */

/* Begin XCConfigurationList section */
		84B02F7C1CFD335500D94630 /* Build configuration list for PBXProject "UISlider1" */ = {
			isa = XCConfigurationList;
			buildConfigurations = (
				84B02F911CFD335500D94630 /* Debug */,
				84B02F921CFD335500D94630 /* Release */,
			);
			defaultConfigurationIsVisible = 0;
			defaultConfigurationName = Release;
		};
		84B02F931CFD335500D94630 /* Build configuration list for PBXNativeTarget "UISlider1" */ = {
			isa = XCConfigurationList;
			buildConfigurations = (
				84B02F941CFD335500D94630 /* Debug */,
				84B02F951CFD335500D94630 /* Release */,
			);
			defaultConfigurationIsVisible = 0;
		};
/* End XCConfigurationList section */
	};
	rootObject = 84B02F791CFD335500D94630 /* Project object */;
}
